
Microsoft Visual Studio Solution File, Format Version 12.00
# Visual Studio Version 16
VisualStudioVersion = 16.0.29613.14
MinimumVisualStudioVersion = 10.0.40219.1
Project("{FAE04EC0-301F-11D3-BF4B-00C04F79EFBC}") = "BlockFactory", "BlockFactory\BlockFactory.csproj", "{54F48AE6-361F-4040-A5ED-DE704D9B7755}"
EndProject
Global
	GlobalSection(SolutionConfigurationPlatforms) = preSolution
		Debug|Any CPU = Debug|Any CPU
		Release|Any CPU = Release|Any CPU
	EndGlobalSection
	GlobalSection(ProjectConfigurationPlatforms) = postSolution
		{54F48AE6-361F-4040-A5ED-DE704D9B7755}.Debug|Any CPU.ActiveCfg = Debug|Any CPU
		{54F48AE6-361F-4040-A5ED-DE704D9B7755}.Debug|Any CPU.Build.0 = Debug|Any CPU
		{54F48AE6-361F-4040-A5ED-DE704D9B7755}.Release|Any CPU.ActiveCfg = Release|Any CPU
		{54F48AE6-361F-4040-A5ED-DE704D9B7755}.Release|Any CPU.Build.0 = Release|Any CPU
	EndGlobalSection
	GlobalSection(SolutionProperties) = preSolution
		HideSolutionNode = FALSE
	EndGlobalSection
	GlobalSection(ExtensibilityGlobals) = postSolution
		SolutionGuid = {7EDBC472-64BB-4CB2-9708-2FF389E68037}
	EndGlobalSection
EndGlobal
